
Microsoft Visual Studio Solution File, Format Version 12.00
# Visual Studio Version 16
VisualStudioVersion = 16.0.29926.136
MinimumVisualStudioVersion = 10.0.40219.1
Project("{FAE04EC0-301F-11D3-BF4B-00C04F79EFBC}") = "Abc.Core", "Abc.Core\Abc.Core.csproj", "{A163F8C6-C350-4CB5-83BC-22FDE81A2553}"
EndProject
Project("{FAE04EC0-301F-11D3-BF4B-00C04F79EFBC}") = "Abc.Northwind.Business", "Abc.Northwind.Business\Abc.Northwind.Business.csproj", "{66350993-0861-425B-8C3A-70BFA001E546}"
EndProject
Project("{FAE04EC0-301F-11D3-BF4B-00C04F79EFBC}") = "Abc.Northwind.DataAccess", "Abc.Northwind.DataAccess\Abc.Northwind.DataAccess.csproj", "{D128A470-66B8-4C7F-B949-B1035A5B4326}"
EndProject
Project("{FAE04EC0-301F-11D3-BF4B-00C04F79EFBC}") = "Abc.Northwind.Entities", "Abc.Northwind.Entities\Abc.Northwind.Entities.csproj", "{FC767401-DDA4-4336-AC0C-62AAE0B3BB44}"
EndProject
Project("{FAE04EC0-301F-11D3-BF4B-00C04F79EFBC}") = "Abc.Northwind.MvcWebUI", "Abc.Northwind.MvcWebUI\Abc.Northwind.MvcWebUI.csproj", "{2BCE49D8-805A-4909-90EE-D57E7713C518}"
EndProject
Global
	GlobalSection(SolutionConfigurationPlatforms) = preSolution
		Debug|Any CPU = Debug|Any CPU
		Release|Any CPU = Release|Any CPU
	EndGlobalSection
	GlobalSection(ProjectConfigurationPlatforms) = postSolution
		{A163F8C6-C350-4CB5-83BC-22FDE81A2553}.Debug|Any CPU.ActiveCfg = Debug|Any CPU
		{A163F8C6-C350-4CB5-83BC-22FDE81A2553}.Debug|Any CPU.Build.0 = Debug|Any CPU
		{A163F8C6-C350-4CB5-83BC-22FDE81A2553}.Release|Any CPU.ActiveCfg = Release|Any CPU
		{A163F8C6-C350-4CB5-83BC-22FDE81A2553}.Release|Any CPU.Build.0 = Release|Any CPU
		{66350993-0861-425B-8C3A-70BFA001E546}.Debug|Any CPU.ActiveCfg = Debug|Any CPU
		{66350993-0861-425B-8C3A-70BFA001E546}.Debug|Any CPU.Build.0 = Debug|Any CPU
		{66350993-0861-425B-8C3A-70BFA001E546}.Release|Any CPU.ActiveCfg = Release|Any CPU
		{66350993-0861-425B-8C3A-70BFA001E546}.Release|Any CPU.Build.0 = Release|Any CPU
		{D128A470-66B8-4C7F-B949-B1035A5B4326}.Debug|Any CPU.ActiveCfg = Debug|Any CPU
		{D128A470-66B8-4C7F-B949-B1035A5B4326}.Debug|Any CPU.Build.0 = Debug|Any CPU
		{D128A470-66B8-4C7F-B949-B1035A5B4326}.Release|Any CPU.ActiveCfg = Release|Any CPU
		{D128A470-66B8-4C7F-B949-B1035A5B4326}.Release|Any CPU.Build.0 = Release|Any CPU
		{FC767401-DDA4-4336-AC0C-62AAE0B3BB44}.Debug|Any CPU.ActiveCfg = Debug|Any CPU
		{FC767401-DDA4-4336-AC0C-62AAE0B3BB44}.Debug|Any CPU.Build.0 = Debug|Any CPU
		{FC767401-DDA4-4336-AC0C-62AAE0B3BB44}.Release|Any CPU.ActiveCfg = Release|Any CPU
		{FC767401-DDA4-4336-AC0C-62AAE0B3BB44}.Release|Any CPU.Build.0 = Release|Any CPU
		{2BCE49D8-805A-4909-90EE-D57E7713C518}.Debug|Any CPU.ActiveCfg = Debug|Any CPU
		{2BCE49D8-805A-4909-90EE-D57E7713C518}.Debug|Any CPU.Build.0 = Debug|Any CPU
		{2BCE49D8-805A-4909-90EE-D57E7713C518}.Release|Any CPU.ActiveCfg = Release|Any CPU
		{2BCE49D8-805A-4909-90EE-D57E7713C518}.Release|Any CPU.Build.0 = Release|Any CPU
	EndGlobalSection
	GlobalSection(SolutionProperties) = preSolution
		HideSolutionNode = FALSE
	EndGlobalSection
	GlobalSection(ExtensibilityGlobals) = postSolution
		SolutionGuid = {F49BAD5F-9897-4291-A350-84D0D8FC41EB}
	EndGlobalSection
EndGlobal
